{
  "name": "aztec-contract-addresses",
  "version": "1.0.0",
  "lockfileVersion": 1,
  "requires": true,
  "dependencies": {
    "@aztec/contract-addresses": {
      "version": "1.10.0",
      "resolved": "https://registry.npmjs.org/@aztec/contract-addresses/-/contract-addresses-1.10.0.tgz",
      "integrity": "sha512-UuQZan4qQNTtUl9qrOeyT5NKEMvtosah8hm6J/AulEcd0dnJVktQ9zzE+x+QPIyeum7vxnT4NAMIjLgZTjlozQ==",
      "requires": {
        "lodash": "^4.17.11"
      }
    },
    "lodash": {
      "version": "4.17.19",
      "resolved": "https://registry.npmjs.org/lodash/-/lodash-4.17.19.tgz",
      "integrity": "sha512-JNvd8XER9GQX0v2qJgsaN/mzFCNA5BRe/j8JN9d+tWyGLSodKQHKFicdwNYzWwI3wjRnaKPsGj1XkBjx/F96DQ=="
    }
  }
}
