{
  "name": "aztec-contract-addresses",
  "version": "1.0.0",
  "lockfileVersion": 1,
  "requires": true,
  "dependencies": {
    "@aztec/contract-addresses": {
      "version": "1.10.0",
      "resolved": "https://registry.npmjs.org/@aztec/contract-addresses/-/contract-addresses-1.10.0.tgz",
      "integrity": "sha512-UuQZan4qQNTtUl9qrOeyT5NKEMvtosah8hm6J/AulEcd0dnJVktQ9zzE+x+QPIyeum7vxnT4NAMIjLgZTjlozQ==",
      "requires": {
        "lodash": "^4.17.11"
      }
    },
    "lodash": {
      "version": "4.17.21",
      "resolved": "https://registry.npmjs.org/lodash/-/lodash-4.17.21.tgz",
      "integrity": "sha512-v2kDEe57lecTulaDIuNTPy3Ry4gLGJ6Z1O3vE1krgXZNrsQ+LFTGHVxVjcXPs17LhbZVGedAJv8XZ1tvj5FvSg=="
    }
  }
}
